// !$*UTF8*$!
{
	archiveVersion = 1;
	classes = {
	};
	objectVersion = 50;
	objects = {

/* Begin PBXBuildFile section */
		82D9623C242F253800FA91DF /* AppDelegate.swift in Sources */ = {isa = PBXBuildFile; fileRef = 82D9623B242F253800FA91DF /* AppDelegate.swift */; };
		82D96240242F253800FA91DF /* MapVC.swift in Sources */ = {isa = PBXBuildFile; fileRef = 82D9623F242F253800FA91DF /* MapVC.swift */; };
		82D96243242F253800FA91DF /* Map.storyboard in Resources */ = {isa = PBXBuildFile; fileRef = 82D96241242F253800FA91DF /* Map.storyboard */; };
		82D96245242F253E00FA91DF /* Assets.xcassets in Resources */ = {isa = PBXBuildFile; fileRef = 82D96244242F253E00FA91DF /* Assets.xcassets */; };
		82D96248242F253E00FA91DF /* LaunchScreen.storyboard in Resources */ = {isa = PBXBuildFile; fileRef = 82D96246242F253E00FA91DF /* LaunchScreen.storyboard */; };
		82D96253242F377000FA91DF /* DependencyContainer.swift in Sources */ = {isa = PBXBuildFile; fileRef = 82D96252242F377000FA91DF /* DependencyContainer.swift */; };
		82D96255242F37B500FA91DF /* DependencyManager.swift in Sources */ = {isa = PBXBuildFile; fileRef = 82D96254242F37B500FA91DF /* DependencyManager.swift */; };
		82D96258242F37E800FA91DF /* ObserverContainer.swift in Sources */ = {isa = PBXBuildFile; fileRef = 82D96257242F37E800FA91DF /* ObserverContainer.swift */; };
		82D9625B242F43BB00FA91DF /* HTTPClient.swift in Sources */ = {isa = PBXBuildFile; fileRef = 82D9625A242F43BB00FA91DF /* HTTPClient.swift */; };
		82D9625D242F45B300FA91DF /* WikiAPI.swift in Sources */ = {isa = PBXBuildFile; fileRef = 82D9625C242F45B300FA91DF /* WikiAPI.swift */; };
		82D96260242F46A900FA91DF /* APIModel.swift in Sources */ = {isa = PBXBuildFile; fileRef = 82D9625F242F46A900FA91DF /* APIModel.swift */; };
		82D96266242F66D800FA91DF /* MapScreenStateSwitcher.swift in Sources */ = {isa = PBXBuildFile; fileRef = 82D96265242F66D800FA91DF /* MapScreenStateSwitcher.swift */; };
		82D96268242F96F100FA91DF /* WikiService.swift in Sources */ = {isa = PBXBuildFile; fileRef = 82D96267242F96F100FA91DF /* WikiService.swift */; };
		82D9626C242F98EC00FA91DF /* LocationService.swift in Sources */ = {isa = PBXBuildFile; fileRef = 82D9626B242F98EC00FA91DF /* LocationService.swift */; };
		82D9626E242F98F700FA91DF /* LocationManager.swift in Sources */ = {isa = PBXBuildFile; fileRef = 82D9626D242F98F700FA91DF /* LocationManager.swift */; };
		82D96270242F9BEE00FA91DF /* LocationServiceObserver.swift in Sources */ = {isa = PBXBuildFile; fileRef = 82D9626F242F9BEE00FA91DF /* LocationServiceObserver.swift */; };
		82D96274242FAA6000FA91DF /* DependencyInjectable.swift in Sources */ = {isa = PBXBuildFile; fileRef = 82D96273242FAA6000FA91DF /* DependencyInjectable.swift */; };
		82D96276242FE5EB00FA91DF /* WikiArticlesResponse.swift in Sources */ = {isa = PBXBuildFile; fileRef = 82D96275242FE5EB00FA91DF /* WikiArticlesResponse.swift */; };
		82D962792430755800FA91DF /* WikiArticle.swift in Sources */ = {isa = PBXBuildFile; fileRef = 82D962782430755800FA91DF /* WikiArticle.swift */; };
		82D9627B2430777C00FA91DF /* APIModelMapper.swift in Sources */ = {isa = PBXBuildFile; fileRef = 82D9627A2430777C00FA91DF /* APIModelMapper.swift */; };
		82D9627D2430847B00FA91DF /* MapViewModel.swift in Sources */ = {isa = PBXBuildFile; fileRef = 82D9627C2430847B00FA91DF /* MapViewModel.swift */; };
		82D96280243099D600FA91DF /* MapViewModeling.swift in Sources */ = {isa = PBXBuildFile; fileRef = 82D9627F243099D600FA91DF /* MapViewModeling.swift */; };
		82D962832430A7B500FA91DF /* AlertableViewController.swift in Sources */ = {isa = PBXBuildFile; fileRef = 82D962822430A7B500FA91DF /* AlertableViewController.swift */; };
		82D962862430CB6F00FA91DF /* WikiArticleAnnotation.swift in Sources */ = {isa = PBXBuildFile; fileRef = 82D962852430CB6F00FA91DF /* WikiArticleAnnotation.swift */; };
/* End PBXBuildFile section */

/* Begin PBXFileReference section */
		82D96238242F253800FA91DF /* WikiGuide.app */ = {isa = PBXFileReference; explicitFileType = wrapper.application; includeInIndex = 0; path = WikiGuide.app; sourceTree = BUILT_PRODUCTS_DIR; };
		82D9623B242F253800FA91DF /* AppDelegate.swift */ = {isa = PBXFileReference; lastKnownFileType = sourcecode.swift; path = AppDelegate.swift; sourceTree = "<group>"; };
		82D9623F242F253800FA91DF /* MapVC.swift */ = {isa = PBXFileReference; lastKnownFileType = sourcecode.swift; path = MapVC.swift; sourceTree = "<group>"; };
		82D96242242F253800FA91DF /* Base */ = {isa = PBXFileReference; lastKnownFileType = file.storyboard; name = Base; path = Base.lproj/Map.storyboard; sourceTree = "<group>"; };
		82D96244242F253E00FA91DF /* Assets.xcassets */ = {isa = PBXFileReference; lastKnownFileType = folder.assetcatalog; path = Assets.xcassets; sourceTree = "<group>"; };
		82D96247242F253E00FA91DF /* Base */ = {isa = PBXFileReference; lastKnownFileType = file.storyboard; name = Base; path = Base.lproj/LaunchScreen.storyboard; sourceTree = "<group>"; };
		82D96249242F253E00FA91DF /* Info.plist */ = {isa = PBXFileReference; lastKnownFileType = text.plist.xml; path = Info.plist; sourceTree = "<group>"; };
		82D9624F242F260600FA91DF /* README.md */ = {isa = PBXFileReference; lastKnownFileType = net.daringfireball.markdown; path = README.md; sourceTree = "<group>"; };
		82D96252242F377000FA91DF /* DependencyContainer.swift */ = {isa = PBXFileReference; lastKnownFileType = sourcecode.swift; path = DependencyContainer.swift; sourceTree = "<group>"; };
		82D96254242F37B500FA91DF /* DependencyManager.swift */ = {isa = PBXFileReference; lastKnownFileType = sourcecode.swift; path = DependencyManager.swift; sourceTree = "<group>"; };
		82D96257242F37E800FA91DF /* ObserverContainer.swift */ = {isa = PBXFileReference; lastKnownFileType = sourcecode.swift; path = ObserverContainer.swift; sourceTree = "<group>"; };
		82D9625A242F43BB00FA91DF /* HTTPClient.swift */ = {isa = PBXFileReference; lastKnownFileType = sourcecode.swift; path = HTTPClient.swift; sourceTree = "<group>"; };
		82D9625C242F45B300FA91DF /* WikiAPI.swift */ = {isa = PBXFileReference; lastKnownFileType = sourcecode.swift; path = WikiAPI.swift; sourceTree = "<group>"; };
		82D9625F242F46A900FA91DF /* APIModel.swift */ = {isa = PBXFileReference; lastKnownFileType = sourcecode.swift; path = APIModel.swift; sourceTree = "<group>"; };
		82D96265242F66D800FA91DF /* MapScreenStateSwitcher.swift */ = {isa = PBXFileReference; lastKnownFileType = sourcecode.swift; path = MapScreenStateSwitcher.swift; sourceTree = "<group>"; };
		82D96267242F96F100FA91DF /* WikiService.swift */ = {isa = PBXFileReference; lastKnownFileType = sourcecode.swift; path = WikiService.swift; sourceTree = "<group>"; };
		82D9626B242F98EC00FA91DF /* LocationService.swift */ = {isa = PBXFileReference; lastKnownFileType = sourcecode.swift; path = LocationService.swift; sourceTree = "<group>"; };
		82D9626D242F98F700FA91DF /* LocationManager.swift */ = {isa = PBXFileReference; lastKnownFileType = sourcecode.swift; path = LocationManager.swift; sourceTree = "<group>"; };
		82D9626F242F9BEE00FA91DF /* LocationServiceObserver.swift */ = {isa = PBXFileReference; lastKnownFileType = sourcecode.swift; path = LocationServiceObserver.swift; sourceTree = "<group>"; };
		82D96273242FAA6000FA91DF /* DependencyInjectable.swift */ = {isa = PBXFileReference; lastKnownFileType = sourcecode.swift; path = DependencyInjectable.swift; sourceTree = "<group>"; };
		82D96275242FE5EB00FA91DF /* WikiArticlesResponse.swift */ = {isa = PBXFileReference; lastKnownFileType = sourcecode.swift; path = WikiArticlesResponse.swift; sourceTree = "<group>"; };
		82D962782430755800FA91DF /* WikiArticle.swift */ = {isa = PBXFileReference; lastKnownFileType = sourcecode.swift; path = WikiArticle.swift; sourceTree = "<group>"; };
		82D9627A2430777C00FA91DF /* APIModelMapper.swift */ = {isa = PBXFileReference; lastKnownFileType = sourcecode.swift; path = APIModelMapper.swift; sourceTree = "<group>"; };
		82D9627C2430847B00FA91DF /* MapViewModel.swift */ = {isa = PBXFileReference; lastKnownFileType = sourcecode.swift; path = MapViewModel.swift; sourceTree = "<group>"; };
		82D9627F243099D600FA91DF /* MapViewModeling.swift */ = {isa = PBXFileReference; lastKnownFileType = sourcecode.swift; path = MapViewModeling.swift; sourceTree = "<group>"; };
		82D962822430A7B500FA91DF /* AlertableViewController.swift */ = {isa = PBXFileReference; lastKnownFileType = sourcecode.swift; path = AlertableViewController.swift; sourceTree = "<group>"; };
		82D962852430CB6F00FA91DF /* WikiArticleAnnotation.swift */ = {isa = PBXFileReference; lastKnownFileType = sourcecode.swift; path = WikiArticleAnnotation.swift; sourceTree = "<group>"; };
/* End PBXFileReference section */

/* Begin PBXFrameworksBuildPhase section */
		82D96235242F253800FA91DF /* Frameworks */ = {
			isa = PBXFrameworksBuildPhase;
			buildActionMask = 2147483647;
			files = (
			);
			runOnlyForDeploymentPostprocessing = 0;
		};
/* End PBXFrameworksBuildPhase section */

/* Begin PBXGroup section */
		82D9622F242F253800FA91DF = {
			isa = PBXGroup;
			children = (
				82D9624F242F260600FA91DF /* README.md */,
				82D9623A242F253800FA91DF /* WikiGuide */,
				82D96239242F253800FA91DF /* Products */,
			);
			sourceTree = "<group>";
		};
		82D96239242F253800FA91DF /* Products */ = {
			isa = PBXGroup;
			children = (
				82D96238242F253800FA91DF /* WikiGuide.app */,
			);
			name = Products;
			sourceTree = "<group>";
		};
		82D9623A242F253800FA91DF /* WikiGuide */ = {
			isa = PBXGroup;
			children = (
				82D962772430753900FA91DF /* Entities */,
				82D96250242F371E00FA91DF /* Services */,
				82D962812430A79800FA91DF /* Helpers */,
				82D96261242F52AF00FA91DF /* Map Screen */,
				82D9623B242F253800FA91DF /* AppDelegate.swift */,
				82D96244242F253E00FA91DF /* Assets.xcassets */,
				82D96246242F253E00FA91DF /* LaunchScreen.storyboard */,
				82D96249242F253E00FA91DF /* Info.plist */,
			);
			path = WikiGuide;
			sourceTree = "<group>";
		};
		82D96250242F371E00FA91DF /* Services */ = {
			isa = PBXGroup;
			children = (
				82D96251242F374D00FA91DF /* Dependency Injection */,
				82D9626A242F98DA00FA91DF /* Location */,
				82D96259242F3E4100FA91DF /* Network */,
				82D96256242F37D100FA91DF /* Observer Container */,
			);
			path = Services;
			sourceTree = "<group>";
		};
		82D96251242F374D00FA91DF /* Dependency Injection */ = {
			isa = PBXGroup;
			children = (
				82D96252242F377000FA91DF /* DependencyContainer.swift */,
				82D96254242F37B500FA91DF /* DependencyManager.swift */,
				82D96273242FAA6000FA91DF /* DependencyInjectable.swift */,
			);
			path = "Dependency Injection";
			sourceTree = "<group>";
		};
		82D96256242F37D100FA91DF /* Observer Container */ = {
			isa = PBXGroup;
			children = (
				82D96257242F37E800FA91DF /* ObserverContainer.swift */,
			);
			path = "Observer Container";
			sourceTree = "<group>";
		};
		82D96259242F3E4100FA91DF /* Network */ = {
			isa = PBXGroup;
			children = (
				82D9625A242F43BB00FA91DF /* HTTPClient.swift */,
				82D9625E242F460300FA91DF /* Models */,
				82D96269242F970300FA91DF /* Wiki */,
			);
			path = Network;
			sourceTree = "<group>";
		};
		82D9625E242F460300FA91DF /* Models */ = {
			isa = PBXGroup;
			children = (
				82D9625F242F46A900FA91DF /* APIModel.swift */,
				82D9627A2430777C00FA91DF /* APIModelMapper.swift */,
				82D96275242FE5EB00FA91DF /* WikiArticlesResponse.swift */,
			);
			path = Models;
			sourceTree = "<group>";
		};
		82D96261242F52AF00FA91DF /* Map Screen */ = {
			isa = PBXGroup;
			children = (
				82D962842430CB5200FA91DF /* Entities */,
				82D9627E243099C100FA91DF /* ViewModel */,
				82D962872430DF5D00FA91DF /* View */,
			);
			path = "Map Screen";
			sourceTree = "<group>";
		};
		82D96269242F970300FA91DF /* Wiki */ = {
			isa = PBXGroup;
			children = (
				82D96267242F96F100FA91DF /* WikiService.swift */,
				82D9625C242F45B300FA91DF /* WikiAPI.swift */,
			);
			path = Wiki;
			sourceTree = "<group>";
		};
		82D9626A242F98DA00FA91DF /* Location */ = {
			isa = PBXGroup;
			children = (
				82D9626B242F98EC00FA91DF /* LocationService.swift */,
				82D9626D242F98F700FA91DF /* LocationManager.swift */,
				82D9626F242F9BEE00FA91DF /* LocationServiceObserver.swift */,
			);
			path = Location;
			sourceTree = "<group>";
		};
		82D962772430753900FA91DF /* Entities */ = {
			isa = PBXGroup;
			children = (
				82D962782430755800FA91DF /* WikiArticle.swift */,
			);
			path = Entities;
			sourceTree = "<group>";
		};
		82D9627E243099C100FA91DF /* ViewModel */ = {
			isa = PBXGroup;
			children = (
				82D9627F243099D600FA91DF /* MapViewModeling.swift */,
				82D9627C2430847B00FA91DF /* MapViewModel.swift */,
			);
			path = ViewModel;
			sourceTree = "<group>";
		};
		82D962812430A79800FA91DF /* Helpers */ = {
			isa = PBXGroup;
			children = (
				82D962822430A7B500FA91DF /* AlertableViewController.swift */,
			);
			path = Helpers;
			sourceTree = "<group>";
		};
		82D962842430CB5200FA91DF /* Entities */ = {
			isa = PBXGroup;
			children = (
				82D962852430CB6F00FA91DF /* WikiArticleAnnotation.swift */,
			);
			path = Entities;
			sourceTree = "<group>";
		};
		82D962872430DF5D00FA91DF /* View */ = {
			isa = PBXGroup;
			children = (
				82D9623F242F253800FA91DF /* MapVC.swift */,
				82D96265242F66D800FA91DF /* MapScreenStateSwitcher.swift */,
				82D96241242F253800FA91DF /* Map.storyboard */,
			);
			path = View;
			sourceTree = "<group>";
		};
/* End PBXGroup section */

/* Begin PBXNativeTarget section */
		82D96237242F253800FA91DF /* WikiGuide */ = {
			isa = PBXNativeTarget;
			buildConfigurationList = 82D9624C242F253F00FA91DF /* Build configuration list for PBXNativeTarget "WikiGuide" */;
			buildPhases = (
				82D96234242F253800FA91DF /* Sources */,
				82D96235242F253800FA91DF /* Frameworks */,
				82D96236242F253800FA91DF /* Resources */,
			);
			buildRules = (
			);
			dependencies = (
			);
			name = WikiGuide;
			productName = WikiGuide;
			productReference = 82D96238242F253800FA91DF /* WikiGuide.app */;
			productType = "com.apple.product-type.application";
		};
/* End PBXNativeTarget section */

/* Begin PBXProject section */
		82D96230242F253800FA91DF /* Project object */ = {
			isa = PBXProject;
			attributes = {
				LastSwiftUpdateCheck = 1130;
				LastUpgradeCheck = 1130;
				ORGANIZATIONNAME = "Serhii Kostanian";
				TargetAttributes = {
					82D96237242F253800FA91DF = {
						CreatedOnToolsVersion = 11.3;
					};
				};
			};
			buildConfigurationList = 82D96233242F253800FA91DF /* Build configuration list for PBXProject "WikiGuide" */;
			compatibilityVersion = "Xcode 9.3";
			developmentRegion = en;
			hasScannedForEncodings = 0;
			knownRegions = (
				en,
				Base,
			);
			mainGroup = 82D9622F242F253800FA91DF;
			productRefGroup = 82D96239242F253800FA91DF /* Products */;
			projectDirPath = "";
			projectRoot = "";
			targets = (
				82D96237242F253800FA91DF /* WikiGuide */,
			);
		};
/* End PBXProject section */

/* Begin PBXResourcesBuildPhase section */
		82D96236242F253800FA91DF /* Resources */ = {
			isa = PBXResourcesBuildPhase;
			buildActionMask = 2147483647;
			files = (
				82D96248242F253E00FA91DF /* LaunchScreen.storyboard in Resources */,
				82D96245242F253E00FA91DF /* Assets.xcassets in Resources */,
				82D96243242F253800FA91DF /* Map.storyboard in Resources */,
			);
			runOnlyForDeploymentPostprocessing = 0;
		};
/* End PBXResourcesBuildPhase section */

/* Begin PBXSourcesBuildPhase section */
		82D96234242F253800FA91DF /* Sources */ = {
			isa = PBXSourcesBuildPhase;
			buildActionMask = 2147483647;
			files = (
				82D96240242F253800FA91DF /* MapVC.swift in Sources */,
				82D9623C242F253800FA91DF /* AppDelegate.swift in Sources */,
				82D96280243099D600FA91DF /* MapViewModeling.swift in Sources */,
				82D9625B242F43BB00FA91DF /* HTTPClient.swift in Sources */,
				82D9627B2430777C00FA91DF /* APIModelMapper.swift in Sources */,
				82D96268242F96F100FA91DF /* WikiService.swift in Sources */,
				82D96276242FE5EB00FA91DF /* WikiArticlesResponse.swift in Sources */,
				82D96266242F66D800FA91DF /* MapScreenStateSwitcher.swift in Sources */,
				82D96255242F37B500FA91DF /* DependencyManager.swift in Sources */,
				82D96270242F9BEE00FA91DF /* LocationServiceObserver.swift in Sources */,
				82D96274242FAA6000FA91DF /* DependencyInjectable.swift in Sources */,
				82D962832430A7B500FA91DF /* AlertableViewController.swift in Sources */,
				82D9626C242F98EC00FA91DF /* LocationService.swift in Sources */,
				82D96260242F46A900FA91DF /* APIModel.swift in Sources */,
				82D9626E242F98F700FA91DF /* LocationManager.swift in Sources */,
				82D962792430755800FA91DF /* WikiArticle.swift in Sources */,
				82D96253242F377000FA91DF /* DependencyContainer.swift in Sources */,
				82D9625D242F45B300FA91DF /* WikiAPI.swift in Sources */,
				82D962862430CB6F00FA91DF /* WikiArticleAnnotation.swift in Sources */,
				82D96258242F37E800FA91DF /* ObserverContainer.swift in Sources */,
				82D9627D2430847B00FA91DF /* MapViewModel.swift in Sources */,
			);
			runOnlyForDeploymentPostprocessing = 0;
		};
/* End PBXSourcesBuildPhase section */

/* Begin PBXVariantGroup section */
		82D96241242F253800FA91DF /* Map.storyboard */ = {
			isa = PBXVariantGroup;
			children = (
				82D96242242F253800FA91DF /* Base */,
			);
			name = Map.storyboard;
			sourceTree = "<group>";
		};
		82D96246242F253E00FA91DF /* LaunchScreen.storyboard */ = {
			isa = PBXVariantGroup;
			children = (
				82D96247242F253E00FA91DF /* Base */,
			);
			name = LaunchScreen.storyboard;
			sourceTree = "<group>";
		};
/* End PBXVariantGroup section */

/* Begin XCBuildConfiguration section */
		82D9624A242F253E00FA91DF /* Debug */ = {
			isa = XCBuildConfiguration;
			buildSettings = {
				ALWAYS_SEARCH_USER_PATHS = NO;
				CLANG_ANALYZER_NONNULL = YES;
				CLANG_ANALYZER_NUMBER_OBJECT_CONVERSION = YES_AGGRESSIVE;
				CLANG_CXX_LANGUAGE_STANDARD = "gnu++14";
				CLANG_CXX_LIBRARY = "libc++";
				CLANG_ENABLE_MODULES = YES;
				CLANG_ENABLE_OBJC_ARC = YES;
				CLANG_ENABLE_OBJC_WEAK = YES;
				CLANG_WARN_BLOCK_CAPTURE_AUTORELEASING = YES;
				CLANG_WARN_BOOL_CONVERSION = YES;
				CLANG_WARN_COMMA = YES;
				CLANG_WARN_CONSTANT_CONVERSION = YES;
				CLANG_WARN_DEPRECATED_OBJC_IMPLEMENTATIONS = YES;
				CLANG_WARN_DIRECT_OBJC_ISA_USAGE = YES_ERROR;
				CLANG_WARN_DOCUMENTATION_COMMENTS = YES;
				CLANG_WARN_EMPTY_BODY = YES;
				CLANG_WARN_ENUM_CONVERSION = YES;
				CLANG_WARN_INFINITE_RECURSION = YES;
				CLANG_WARN_INT_CONVERSION = YES;
				CLANG_WARN_NON_LITERAL_NULL_CONVERSION = YES;
				CLANG_WARN_OBJC_IMPLICIT_RETAIN_SELF = YES;
				CLANG_WARN_OBJC_LITERAL_CONVERSION = YES;
				CLANG_WARN_OBJC_ROOT_CLASS = YES_ERROR;
				CLANG_WARN_RANGE_LOOP_ANALYSIS = YES;
				CLANG_WARN_STRICT_PROTOTYPES = YES;
				CLANG_WARN_SUSPICIOUS_MOVE = YES;
				CLANG_WARN_UNGUARDED_AVAILABILITY = YES_AGGRESSIVE;
				CLANG_WARN_UNREACHABLE_CODE = YES;
				CLANG_WARN__DUPLICATE_METHOD_MATCH = YES;
				COPY_PHASE_STRIP = NO;
				DEBUG_INFORMATION_FORMAT = dwarf;
				ENABLE_STRICT_OBJC_MSGSEND = YES;
				ENABLE_TESTABILITY = YES;
				GCC_C_LANGUAGE_STANDARD = gnu11;
				GCC_DYNAMIC_NO_PIC = NO;
				GCC_NO_COMMON_BLOCKS = YES;
				GCC_OPTIMIZATION_LEVEL = 0;
				GCC_PREPROCESSOR_DEFINITIONS = (
					"DEBUG=1",
					"$(inherited)",
				);
				GCC_WARN_64_TO_32_BIT_CONVERSION = YES;
				GCC_WARN_ABOUT_RETURN_TYPE = YES_ERROR;
				GCC_WARN_UNDECLARED_SELECTOR = YES;
				GCC_WARN_UNINITIALIZED_AUTOS = YES_AGGRESSIVE;
				GCC_WARN_UNUSED_FUNCTION = YES;
				GCC_WARN_UNUSED_VARIABLE = YES;
				IPHONEOS_DEPLOYMENT_TARGET = 12.0;
				MTL_ENABLE_DEBUG_INFO = INCLUDE_SOURCE;
				MTL_FAST_MATH = YES;
				ONLY_ACTIVE_ARCH = YES;
				SDKROOT = iphoneos;
				SWIFT_ACTIVE_COMPILATION_CONDITIONS = DEBUG;
				SWIFT_OPTIMIZATION_LEVEL = "-Onone";
			};
			name = Debug;
		};
		82D9624B242F253E00FA91DF /* Release */ = {
			isa = XCBuildConfiguration;
			buildSettings = {
				ALWAYS_SEARCH_USER_PATHS = NO;
				CLANG_ANALYZER_NONNULL = YES;
				CLANG_ANALYZER_NUMBER_OBJECT_CONVERSION = YES_AGGRESSIVE;
				CLANG_CXX_LANGUAGE_STANDARD = "gnu++14";
				CLANG_CXX_LIBRARY = "libc++";
				CLANG_ENABLE_MODULES = YES;
				CLANG_ENABLE_OBJC_ARC = YES;
				CLANG_ENABLE_OBJC_WEAK = YES;
				CLANG_WARN_BLOCK_CAPTURE_AUTORELEASING = YES;
				CLANG_WARN_BOOL_CONVERSION = YES;
				CLANG_WARN_COMMA = YES;
				CLANG_WARN_CONSTANT_CONVERSION = YES;
				CLANG_WARN_DEPRECATED_OBJC_IMPLEMENTATIONS = YES;
				CLANG_WARN_DIRECT_OBJC_ISA_USAGE = YES_ERROR;
				CLANG_WARN_DOCUMENTATION_COMMENTS = YES;
				CLANG_WARN_EMPTY_BODY = YES;
				CLANG_WARN_ENUM_CONVERSION = YES;
				CLANG_WARN_INFINITE_RECURSION = YES;
				CLANG_WARN_INT_CONVERSION = YES;
				CLANG_WARN_NON_LITERAL_NULL_CONVERSION = YES;
				CLANG_WARN_OBJC_IMPLICIT_RETAIN_SELF = YES;
				CLANG_WARN_OBJC_LITERAL_CONVERSION = YES;
				CLANG_WARN_OBJC_ROOT_CLASS = YES_ERROR;
				CLANG_WARN_RANGE_LOOP_ANALYSIS = YES;
				CLANG_WARN_STRICT_PROTOTYPES = YES;
				CLANG_WARN_SUSPICIOUS_MOVE = YES;
				CLANG_WARN_UNGUARDED_AVAILABILITY = YES_AGGRESSIVE;
				CLANG_WARN_UNREACHABLE_CODE = YES;
				CLANG_WARN__DUPLICATE_METHOD_MATCH = YES;
				COPY_PHASE_STRIP = NO;
				DEBUG_INFORMATION_FORMAT = "dwarf-with-dsym";
				ENABLE_NS_ASSERTIONS = NO;
				ENABLE_STRICT_OBJC_MSGSEND = YES;
				GCC_C_LANGUAGE_STANDARD = gnu11;
				GCC_NO_COMMON_BLOCKS = YES;
				GCC_WARN_64_TO_32_BIT_CONVERSION = YES;
				GCC_WARN_ABOUT_RETURN_TYPE = YES_ERROR;
				GCC_WARN_UNDECLARED_SELECTOR = YES;
				GCC_WARN_UNINITIALIZED_AUTOS = YES_AGGRESSIVE;
				GCC_WARN_UNUSED_FUNCTION = YES;
				GCC_WARN_UNUSED_VARIABLE = YES;
				IPHONEOS_DEPLOYMENT_TARGET = 12.0;
				MTL_ENABLE_DEBUG_INFO = NO;
				MTL_FAST_MATH = YES;
				SDKROOT = iphoneos;
				SWIFT_COMPILATION_MODE = wholemodule;
				SWIFT_OPTIMIZATION_LEVEL = "-O";
				VALIDATE_PRODUCT = YES;
			};
			name = Release;
		};
		82D9624D242F253F00FA91DF /* Debug */ = {
			isa = XCBuildConfiguration;
			buildSettings = {
				ASSETCATALOG_COMPILER_APPICON_NAME = AppIcon;
				CODE_SIGN_STYLE = Automatic;
				DEVELOPMENT_TEAM = E85N35G3YB;
				INFOPLIST_FILE = WikiGuide/Info.plist;
				IPHONEOS_DEPLOYMENT_TARGET = 12.0;
				LD_RUNPATH_SEARCH_PATHS = (
					"$(inherited)",
					"@executable_path/Frameworks",
				);
				PRODUCT_BUNDLE_IDENTIFIER = SK.WikiGuide;
				PRODUCT_NAME = "$(TARGET_NAME)";
				SWIFT_VERSION = 5.0;
				TARGETED_DEVICE_FAMILY = 1;
			};
			name = Debug;
		};
		82D9624E242F253F00FA91DF /* Release */ = {
			isa = XCBuildConfiguration;
			buildSettings = {
				ASSETCATALOG_COMPILER_APPICON_NAME = AppIcon;
				CODE_SIGN_STYLE = Automatic;
				DEVELOPMENT_TEAM = E85N35G3YB;
				INFOPLIST_FILE = WikiGuide/Info.plist;
				IPHONEOS_DEPLOYMENT_TARGET = 12.0;
				LD_RUNPATH_SEARCH_PATHS = (
					"$(inherited)",
					"@executable_path/Frameworks",
				);
				PRODUCT_BUNDLE_IDENTIFIER = SK.WikiGuide;
				PRODUCT_NAME = "$(TARGET_NAME)";
				SWIFT_VERSION = 5.0;
				TARGETED_DEVICE_FAMILY = 1;
			};
			name = Release;
		};
/* End XCBuildConfiguration section */

/* Begin XCConfigurationList section */
		82D96233242F253800FA91DF /* Build configuration list for PBXProject "WikiGuide" */ = {
			isa = XCConfigurationList;
			buildConfigurations = (
				82D9624A242F253E00FA91DF /* Debug */,
				82D9624B242F253E00FA91DF /* Release */,
			);
			defaultConfigurationIsVisible = 0;
			defaultConfigurationName = Release;
		};
		82D9624C242F253F00FA91DF /* Build configuration list for PBXNativeTarget "WikiGuide" */ = {
			isa = XCConfigurationList;
			buildConfigurations = (
				82D9624D242F253F00FA91DF /* Debug */,
				82D9624E242F253F00FA91DF /* Release */,
			);
			defaultConfigurationIsVisible = 0;
			defaultConfigurationName = Release;
		};
/* End XCConfigurationList section */
	};
	rootObject = 82D96230242F253800FA91DF /* Project object */;
}
